
Microsoft Visual Studio Solution File, Format Version 12.00
# Visual Studio Version 16
VisualStudioVersion = 25.0.1700.6
MinimumVisualStudioVersion = 10.0.40219.1
Project("{FAE04EC0-301F-11D3-BF4B-00C04F79EFBC}") = "GoodfellowsElectrical", "GoodfellowsElectrical\GoodfellowsElectrical.csproj", "{256C2D45-D333-4CB3-8F56-A47D4A50396A}"
EndProject
Global
	GlobalSection(SolutionConfigurationPlatforms) = preSolution
		Debug|Any CPU = Debug|Any CPU
		Release|Any CPU = Release|Any CPU
	EndGlobalSection
	GlobalSection(ProjectConfigurationPlatforms) = postSolution
		{256C2D45-D333-4CB3-8F56-A47D4A50396A}.Debug|Any CPU.ActiveCfg = Debug|Any CPU
		{256C2D45-D333-4CB3-8F56-A47D4A50396A}.Debug|Any CPU.Build.0 = Debug|Any CPU
		{256C2D45-D333-4CB3-8F56-A47D4A50396A}.Release|Any CPU.ActiveCfg = Release|Any CPU
		{256C2D45-D333-4CB3-8F56-A47D4A50396A}.Release|Any CPU.Build.0 = Release|Any CPU
	EndGlobalSection
	GlobalSection(SolutionProperties) = preSolution
		HideSolutionNode = FALSE
	EndGlobalSection
	GlobalSection(ExtensibilityGlobals) = postSolution
		SolutionGuid = {6169DB5F-DAE0-41F6-9CCE-327D9AD09616}
	EndGlobalSection
EndGlobal
